// !$*UTF8*$!
{
	archiveVersion = 1;
	classes = {
	};
	objectVersion = 55;
	objects = {

/* Begin PBXBuildFile section */
		510B171F280728F2009E3989 /* ProfileHeader.swift in Sources */ = {isa = PBXBuildFile; fileRef = 510B171E280728F2009E3989 /* ProfileHeader.swift */; };
		510B1721280751E5009E3989 /* LoginPage.swift in Sources */ = {isa = PBXBuildFile; fileRef = 510B1720280751E5009E3989 /* LoginPage.swift */; };
		510B17242807545B009E3989 /* SignupPage.swift in Sources */ = {isa = PBXBuildFile; fileRef = 510B17232807545B009E3989 /* SignupPage.swift */; };
		510B1726280759D7009E3989 /* ITabViewController.swift in Sources */ = {isa = PBXBuildFile; fileRef = 510B1725280759D7009E3989 /* ITabViewController.swift */; };
		510B172828075DB7009E3989 /* SinglePostView.swift in Sources */ = {isa = PBXBuildFile; fileRef = 510B172728075DB7009E3989 /* SinglePostView.swift */; };
		5128B04B28077DF000458F90 /* FirebaseAnalytics in Frameworks */ = {isa = PBXBuildFile; productRef = 5128B04A28077DF000458F90 /* FirebaseAnalytics */; };
		5128B04D28077DF000458F90 /* FirebaseAuth in Frameworks */ = {isa = PBXBuildFile; productRef = 5128B04C28077DF000458F90 /* FirebaseAuth */; };
		5128B04F28077DF000458F90 /* FirebaseDatabase in Frameworks */ = {isa = PBXBuildFile; productRef = 5128B04E28077DF000458F90 /* FirebaseDatabase */; };
		5128B05128077DF000458F90 /* FirebaseStorage in Frameworks */ = {isa = PBXBuildFile; productRef = 5128B05028077DF000458F90 /* FirebaseStorage */; };
		5128B053280784E300458F90 /* GoogleService-Info.plist in Resources */ = {isa = PBXBuildFile; fileRef = 5128B052280784E300458F90 /* GoogleService-Info.plist */; };
		5128B055280786CB00458F90 /* AppDelegate.swift in Sources */ = {isa = PBXBuildFile; fileRef = 5128B054280786CB00458F90 /* AppDelegate.swift */; };
		5128B05828078A4C00458F90 /* Realm in Frameworks */ = {isa = PBXBuildFile; productRef = 5128B05728078A4C00458F90 /* Realm */; };
		5128B05A28078A4C00458F90 /* RealmSwift in Frameworks */ = {isa = PBXBuildFile; productRef = 5128B05928078A4C00458F90 /* RealmSwift */; };
		5128B05C28078A5F00458F90 /* RealmObjects.swift in Sources */ = {isa = PBXBuildFile; fileRef = 5128B05B28078A5F00458F90 /* RealmObjects.swift */; };
		5128B05E28078DB800458F90 /* Date+Ext.swift in Sources */ = {isa = PBXBuildFile; fileRef = 5128B05D28078DB700458F90 /* Date+Ext.swift */; };
		51772A0E2802255900E56012 /* InspireApp.swift in Sources */ = {isa = PBXBuildFile; fileRef = 51772A0D2802255900E56012 /* InspireApp.swift */; };
		51772A102802255900E56012 /* ContentView.swift in Sources */ = {isa = PBXBuildFile; fileRef = 51772A0F2802255900E56012 /* ContentView.swift */; };
		51772A122802255D00E56012 /* Assets.xcassets in Resources */ = {isa = PBXBuildFile; fileRef = 51772A112802255D00E56012 /* Assets.xcassets */; };
		51772A152802255D00E56012 /* Preview Assets.xcassets in Resources */ = {isa = PBXBuildFile; fileRef = 51772A142802255D00E56012 /* Preview Assets.xcassets */; };
		51772A1C2802262700E56012 /* HomePage.swift in Sources */ = {isa = PBXBuildFile; fileRef = 51772A1B2802262700E56012 /* HomePage.swift */; };
		51772A1E2802263500E56012 /* PostingPage.swift in Sources */ = {isa = PBXBuildFile; fileRef = 51772A1D2802263500E56012 /* PostingPage.swift */; };
		51772A202802264000E56012 /* ProfilePage.swift in Sources */ = {isa = PBXBuildFile; fileRef = 51772A1F2802264000E56012 /* ProfilePage.swift */; };
		51772A222802264D00E56012 /* ExplorePage.swift in Sources */ = {isa = PBXBuildFile; fileRef = 51772A212802264D00E56012 /* ExplorePage.swift */; };
		51772A242802265700E56012 /* NotificationPage.swift in Sources */ = {isa = PBXBuildFile; fileRef = 51772A232802265700E56012 /* NotificationPage.swift */; };
		51772A262802266700E56012 /* SettingsPage.swift in Sources */ = {isa = PBXBuildFile; fileRef = 51772A252802266700E56012 /* SettingsPage.swift */; };
		51772A2E280226E700E56012 /* PostCell.swift in Sources */ = {isa = PBXBuildFile; fileRef = 51772A2D280226E700E56012 /* PostCell.swift */; };
		5190F00C280603AF0051AC13 /* TextView.swift in Sources */ = {isa = PBXBuildFile; fileRef = 5190F00B280603AF0051AC13 /* TextView.swift */; };
		5190F00E280607FF0051AC13 /* ImagePicker.swift in Sources */ = {isa = PBXBuildFile; fileRef = 5190F00D280607FF0051AC13 /* ImagePicker.swift */; };
		5190F0102806224D0051AC13 /* NotificationCellLike.swift in Sources */ = {isa = PBXBuildFile; fileRef = 5190F00F2806224D0051AC13 /* NotificationCellLike.swift */; };
		51DC5E652808C30900F66A64 /* DataHandler.swift in Sources */ = {isa = PBXBuildFile; fileRef = 51DC5E642808C30900F66A64 /* DataHandler.swift */; };
		51DC5E6A28096EFF00F66A64 /* AsyncImage.swift in Sources */ = {isa = PBXBuildFile; fileRef = 51DC5E6628096EFF00F66A64 /* AsyncImage.swift */; };
		51DC5E6B28096EFF00F66A64 /* ImageCache.swift in Sources */ = {isa = PBXBuildFile; fileRef = 51DC5E6728096EFF00F66A64 /* ImageCache.swift */; };
		51DC5E6C28096EFF00F66A64 /* EnvironmentValues+ImageCache.swift in Sources */ = {isa = PBXBuildFile; fileRef = 51DC5E6828096EFF00F66A64 /* EnvironmentValues+ImageCache.swift */; };
		51DC5E6D28096EFF00F66A64 /* ImageLoader.swift in Sources */ = {isa = PBXBuildFile; fileRef = 51DC5E6928096EFF00F66A64 /* ImageLoader.swift */; };
		51ED89332803200300670475 /* QGrid.swift in Sources */ = {isa = PBXBuildFile; fileRef = 51ED89322803200300670475 /* QGrid.swift */; };
		51ED89352803349200670475 /* PostIdentifiable.swift in Sources */ = {isa = PBXBuildFile; fileRef = 51ED89342803349200670475 /* PostIdentifiable.swift */; };
/* End PBXBuildFile section */

/* Begin PBXFileReference section */
		510B171E280728F2009E3989 /* ProfileHeader.swift */ = {isa = PBXFileReference; lastKnownFileType = sourcecode.swift; path = ProfileHeader.swift; sourceTree = "<group>"; };
		510B1720280751E5009E3989 /* LoginPage.swift */ = {isa = PBXFileReference; lastKnownFileType = sourcecode.swift; path = LoginPage.swift; sourceTree = "<group>"; };
		510B17232807545B009E3989 /* SignupPage.swift */ = {isa = PBXFileReference; lastKnownFileType = sourcecode.swift; path = SignupPage.swift; sourceTree = "<group>"; };
		510B1725280759D7009E3989 /* ITabViewController.swift */ = {isa = PBXFileReference; lastKnownFileType = sourcecode.swift; path = ITabViewController.swift; sourceTree = "<group>"; };
		510B172728075DB7009E3989 /* SinglePostView.swift */ = {isa = PBXFileReference; lastKnownFileType = sourcecode.swift; path = SinglePostView.swift; sourceTree = "<group>"; };
		5128B052280784E300458F90 /* GoogleService-Info.plist */ = {isa = PBXFileReference; lastKnownFileType = text.plist; path = "GoogleService-Info.plist"; sourceTree = SOURCE_ROOT; };
		5128B054280786CB00458F90 /* AppDelegate.swift */ = {isa = PBXFileReference; lastKnownFileType = sourcecode.swift; path = AppDelegate.swift; sourceTree = "<group>"; };
		5128B05B28078A5F00458F90 /* RealmObjects.swift */ = {isa = PBXFileReference; lastKnownFileType = sourcecode.swift; path = RealmObjects.swift; sourceTree = "<group>"; };
		5128B05D28078DB700458F90 /* Date+Ext.swift */ = {isa = PBXFileReference; lastKnownFileType = sourcecode.swift; path = "Date+Ext.swift"; sourceTree = "<group>"; };
		51772A0A2802255900E56012 /* Inspire.app */ = {isa = PBXFileReference; explicitFileType = wrapper.application; includeInIndex = 0; path = Inspire.app; sourceTree = BUILT_PRODUCTS_DIR; };
		51772A0D2802255900E56012 /* InspireApp.swift */ = {isa = PBXFileReference; lastKnownFileType = sourcecode.swift; path = InspireApp.swift; sourceTree = "<group>"; };
		51772A0F2802255900E56012 /* ContentView.swift */ = {isa = PBXFileReference; lastKnownFileType = sourcecode.swift; path = ContentView.swift; sourceTree = "<group>"; };
		51772A112802255D00E56012 /* Assets.xcassets */ = {isa = PBXFileReference; lastKnownFileType = folder.assetcatalog; path = Assets.xcassets; sourceTree = "<group>"; };
		51772A142802255D00E56012 /* Preview Assets.xcassets */ = {isa = PBXFileReference; lastKnownFileType = folder.assetcatalog; path = "Preview Assets.xcassets"; sourceTree = "<group>"; };
		51772A1B2802262700E56012 /* HomePage.swift */ = {isa = PBXFileReference; lastKnownFileType = sourcecode.swift; path = HomePage.swift; sourceTree = "<group>"; };
		51772A1D2802263500E56012 /* PostingPage.swift */ = {isa = PBXFileReference; lastKnownFileType = sourcecode.swift; path = PostingPage.swift; sourceTree = "<group>"; };
		51772A1F2802264000E56012 /* ProfilePage.swift */ = {isa = PBXFileReference; lastKnownFileType = sourcecode.swift; path = ProfilePage.swift; sourceTree = "<group>"; };
		51772A212802264D00E56012 /* ExplorePage.swift */ = {isa = PBXFileReference; lastKnownFileType = sourcecode.swift; path = ExplorePage.swift; sourceTree = "<group>"; };
		51772A232802265700E56012 /* NotificationPage.swift */ = {isa = PBXFileReference; lastKnownFileType = sourcecode.swift; path = NotificationPage.swift; sourceTree = "<group>"; };
		51772A252802266700E56012 /* SettingsPage.swift */ = {isa = PBXFileReference; lastKnownFileType = sourcecode.swift; path = SettingsPage.swift; sourceTree = "<group>"; };
		51772A2D280226E700E56012 /* PostCell.swift */ = {isa = PBXFileReference; lastKnownFileType = sourcecode.swift; path = PostCell.swift; sourceTree = "<group>"; };
		5190F00B280603AF0051AC13 /* TextView.swift */ = {isa = PBXFileReference; lastKnownFileType = sourcecode.swift; path = TextView.swift; sourceTree = "<group>"; };
		5190F00D280607FF0051AC13 /* ImagePicker.swift */ = {isa = PBXFileReference; lastKnownFileType = sourcecode.swift; path = ImagePicker.swift; sourceTree = "<group>"; };
		5190F00F2806224D0051AC13 /* NotificationCellLike.swift */ = {isa = PBXFileReference; lastKnownFileType = sourcecode.swift; path = NotificationCellLike.swift; sourceTree = "<group>"; };
		51DC5E642808C30900F66A64 /* DataHandler.swift */ = {isa = PBXFileReference; lastKnownFileType = sourcecode.swift; path = DataHandler.swift; sourceTree = "<group>"; };
		51DC5E6628096EFF00F66A64 /* AsyncImage.swift */ = {isa = PBXFileReference; fileEncoding = 4; lastKnownFileType = sourcecode.swift; path = AsyncImage.swift; sourceTree = "<group>"; };
		51DC5E6728096EFF00F66A64 /* ImageCache.swift */ = {isa = PBXFileReference; fileEncoding = 4; lastKnownFileType = sourcecode.swift; path = ImageCache.swift; sourceTree = "<group>"; };
		51DC5E6828096EFF00F66A64 /* EnvironmentValues+ImageCache.swift */ = {isa = PBXFileReference; fileEncoding = 4; lastKnownFileType = sourcecode.swift; path = "EnvironmentValues+ImageCache.swift"; sourceTree = "<group>"; };
		51DC5E6928096EFF00F66A64 /* ImageLoader.swift */ = {isa = PBXFileReference; fileEncoding = 4; lastKnownFileType = sourcecode.swift; path = ImageLoader.swift; sourceTree = "<group>"; };
		51ED89322803200300670475 /* QGrid.swift */ = {isa = PBXFileReference; lastKnownFileType = sourcecode.swift; path = QGrid.swift; sourceTree = "<group>"; };
		51ED89342803349200670475 /* PostIdentifiable.swift */ = {isa = PBXFileReference; lastKnownFileType = sourcecode.swift; path = PostIdentifiable.swift; sourceTree = "<group>"; };
/* End PBXFileReference section */

/* Begin PBXFrameworksBuildPhase section */
		51772A072802255900E56012 /* Frameworks */ = {
			isa = PBXFrameworksBuildPhase;
			buildActionMask = 2147483647;
			files = (
				5128B05A28078A4C00458F90 /* RealmSwift in Frameworks */,
				5128B04F28077DF000458F90 /* FirebaseDatabase in Frameworks */,
				5128B05128077DF000458F90 /* FirebaseStorage in Frameworks */,
				5128B04B28077DF000458F90 /* FirebaseAnalytics in Frameworks */,
				5128B04D28077DF000458F90 /* FirebaseAuth in Frameworks */,
				5128B05828078A4C00458F90 /* Realm in Frameworks */,
			);
			runOnlyForDeploymentPostprocessing = 0;
		};
/* End PBXFrameworksBuildPhase section */

/* Begin PBXGroup section */
		510B1722280751FE009E3989 /* auth */ = {
			isa = PBXGroup;
			children = (
				510B1720280751E5009E3989 /* LoginPage.swift */,
				510B17232807545B009E3989 /* SignupPage.swift */,
			);
			path = auth;
			sourceTree = "<group>";
		};
		51772A012802255900E56012 = {
			isa = PBXGroup;
			children = (
				51772A0C2802255900E56012 /* Inspire */,
				51772A0B2802255900E56012 /* Products */,
			);
			sourceTree = "<group>";
		};
		51772A0B2802255900E56012 /* Products */ = {
			isa = PBXGroup;
			children = (
				51772A0A2802255900E56012 /* Inspire.app */,
			);
			name = Products;
			sourceTree = "<group>";
		};
		51772A0C2802255900E56012 /* Inspire */ = {
			isa = PBXGroup;
			children = (
				51DC5E6E28096F0900F66A64 /* AsyncImage */,
				5128B052280784E300458F90 /* GoogleService-Info.plist */,
				51772A0D2802255900E56012 /* InspireApp.swift */,
				51772A0F2802255900E56012 /* ContentView.swift */,
				51772A112802255D00E56012 /* Assets.xcassets */,
				51772A132802255D00E56012 /* Preview Content */,
				51772A2C280226AF00E56012 /* pages */,
				51ED89322803200300670475 /* QGrid.swift */,
				5128B054280786CB00458F90 /* AppDelegate.swift */,
				5128B05B28078A5F00458F90 /* RealmObjects.swift */,
				5128B05D28078DB700458F90 /* Date+Ext.swift */,
				51DC5E642808C30900F66A64 /* DataHandler.swift */,
			);
			path = Inspire;
			sourceTree = "<group>";
		};
		51772A132802255D00E56012 /* Preview Content */ = {
			isa = PBXGroup;
			children = (
				51772A142802255D00E56012 /* Preview Assets.xcassets */,
			);
			path = "Preview Content";
			sourceTree = "<group>";
		};
		51772A272802266F00E56012 /* home */ = {
			isa = PBXGroup;
			children = (
				51772A1B2802262700E56012 /* HomePage.swift */,
				51772A2D280226E700E56012 /* PostCell.swift */,
			);
			path = home;
			sourceTree = "<group>";
		};
		51772A282802268800E56012 /* explore */ = {
			isa = PBXGroup;
			children = (
				510B172728075DB7009E3989 /* SinglePostView.swift */,
				51772A212802264D00E56012 /* ExplorePage.swift */,
				51ED89342803349200670475 /* PostIdentifiable.swift */,
			);
			path = explore;
			sourceTree = "<group>";
		};
		51772A292802269000E56012 /* profile */ = {
			isa = PBXGroup;
			children = (
				51772A1F2802264000E56012 /* ProfilePage.swift */,
				51772A252802266700E56012 /* SettingsPage.swift */,
				510B171E280728F2009E3989 /* ProfileHeader.swift */,
			);
			path = profile;
			sourceTree = "<group>";
		};
		51772A2A2802269800E56012 /* posting */ = {
			isa = PBXGroup;
			children = (
				51772A1D2802263500E56012 /* PostingPage.swift */,
				5190F00B280603AF0051AC13 /* TextView.swift */,
				5190F00D280607FF0051AC13 /* ImagePicker.swift */,
			);
			path = posting;
			sourceTree = "<group>";
		};
		51772A2B280226A200E56012 /* notification */ = {
			isa = PBXGroup;
			children = (
				51772A232802265700E56012 /* NotificationPage.swift */,
				5190F00F2806224D0051AC13 /* NotificationCellLike.swift */,
			);
			path = notification;
			sourceTree = "<group>";
		};
		51772A2C280226AF00E56012 /* pages */ = {
			isa = PBXGroup;
			children = (
				51772A272802266F00E56012 /* home */,
				51772A2A2802269800E56012 /* posting */,
				51772A292802269000E56012 /* profile */,
				51772A282802268800E56012 /* explore */,
				51772A2B280226A200E56012 /* notification */,
				510B1722280751FE009E3989 /* auth */,
				510B1725280759D7009E3989 /* ITabViewController.swift */,
			);
			path = pages;
			sourceTree = "<group>";
		};
		51DC5E6E28096F0900F66A64 /* AsyncImage */ = {
			isa = PBXGroup;
			children = (
				51DC5E6628096EFF00F66A64 /* AsyncImage.swift */,
				51DC5E6828096EFF00F66A64 /* EnvironmentValues+ImageCache.swift */,
				51DC5E6728096EFF00F66A64 /* ImageCache.swift */,
				51DC5E6928096EFF00F66A64 /* ImageLoader.swift */,
			);
			path = AsyncImage;
			sourceTree = "<group>";
		};
/* End PBXGroup section */

/* Begin PBXNativeTarget section */
		51772A092802255900E56012 /* Inspire */ = {
			isa = PBXNativeTarget;
			buildConfigurationList = 51772A182802255D00E56012 /* Build configuration list for PBXNativeTarget "Inspire" */;
			buildPhases = (
				51772A062802255900E56012 /* Sources */,
				51772A072802255900E56012 /* Frameworks */,
				51772A082802255900E56012 /* Resources */,
			);
			buildRules = (
			);
			dependencies = (
			);
			name = Inspire;
			packageProductDependencies = (
				5128B04A28077DF000458F90 /* FirebaseAnalytics */,
				5128B04C28077DF000458F90 /* FirebaseAuth */,
				5128B04E28077DF000458F90 /* FirebaseDatabase */,
				5128B05028077DF000458F90 /* FirebaseStorage */,
				5128B05728078A4C00458F90 /* Realm */,
				5128B05928078A4C00458F90 /* RealmSwift */,
			);
			productName = Inspire;
			productReference = 51772A0A2802255900E56012 /* Inspire.app */;
			productType = "com.apple.product-type.application";
		};
/* End PBXNativeTarget section */

/* Begin PBXProject section */
		51772A022802255900E56012 /* Project object */ = {
			isa = PBXProject;
			attributes = {
				BuildIndependentTargetsInParallel = 1;
				LastSwiftUpdateCheck = 1330;
				LastUpgradeCheck = 1330;
				TargetAttributes = {
					51772A092802255900E56012 = {
						CreatedOnToolsVersion = 13.3;
					};
				};
			};
			buildConfigurationList = 51772A052802255900E56012 /* Build configuration list for PBXProject "Inspire" */;
			compatibilityVersion = "Xcode 13.0";
			developmentRegion = en;
			hasScannedForEncodings = 0;
			knownRegions = (
				en,
				Base,
			);
			mainGroup = 51772A012802255900E56012;
			packageReferences = (
				5128B04928077DF000458F90 /* XCRemoteSwiftPackageReference "firebase-ios-sdk" */,
				5128B05628078A4C00458F90 /* XCRemoteSwiftPackageReference "realm-swift" */,
			);
			productRefGroup = 51772A0B2802255900E56012 /* Products */;
			projectDirPath = "";
			projectRoot = "";
			targets = (
				51772A092802255900E56012 /* Inspire */,
			);
		};
/* End PBXProject section */

/* Begin PBXResourcesBuildPhase section */
		51772A082802255900E56012 /* Resources */ = {
			isa = PBXResourcesBuildPhase;
			buildActionMask = 2147483647;
			files = (
				51772A152802255D00E56012 /* Preview Assets.xcassets in Resources */,
				51772A122802255D00E56012 /* Assets.xcassets in Resources */,
				5128B053280784E300458F90 /* GoogleService-Info.plist in Resources */,
			);
			runOnlyForDeploymentPostprocessing = 0;
		};
/* End PBXResourcesBuildPhase section */

/* Begin PBXSourcesBuildPhase section */
		51772A062802255900E56012 /* Sources */ = {
			isa = PBXSourcesBuildPhase;
			buildActionMask = 2147483647;
			files = (
				510B1721280751E5009E3989 /* LoginPage.swift in Sources */,
				5190F00E280607FF0051AC13 /* ImagePicker.swift in Sources */,
				51772A102802255900E56012 /* ContentView.swift in Sources */,
				51ED89352803349200670475 /* PostIdentifiable.swift in Sources */,
				51DC5E6A28096EFF00F66A64 /* AsyncImage.swift in Sources */,
				51DC5E6D28096EFF00F66A64 /* ImageLoader.swift in Sources */,
				51ED89332803200300670475 /* QGrid.swift in Sources */,
				51DC5E652808C30900F66A64 /* DataHandler.swift in Sources */,
				51772A1E2802263500E56012 /* PostingPage.swift in Sources */,
				510B1726280759D7009E3989 /* ITabViewController.swift in Sources */,
				51772A222802264D00E56012 /* ExplorePage.swift in Sources */,
				51DC5E6B28096EFF00F66A64 /* ImageCache.swift in Sources */,
				5128B055280786CB00458F90 /* AppDelegate.swift in Sources */,
				51DC5E6C28096EFF00F66A64 /* EnvironmentValues+ImageCache.swift in Sources */,
				5128B05C28078A5F00458F90 /* RealmObjects.swift in Sources */,
				51772A262802266700E56012 /* SettingsPage.swift in Sources */,
				51772A202802264000E56012 /* ProfilePage.swift in Sources */,
				510B171F280728F2009E3989 /* ProfileHeader.swift in Sources */,
				51772A2E280226E700E56012 /* PostCell.swift in Sources */,
				510B17242807545B009E3989 /* SignupPage.swift in Sources */,
				5190F0102806224D0051AC13 /* NotificationCellLike.swift in Sources */,
				51772A1C2802262700E56012 /* HomePage.swift in Sources */,
				5128B05E28078DB800458F90 /* Date+Ext.swift in Sources */,
				5190F00C280603AF0051AC13 /* TextView.swift in Sources */,
				51772A242802265700E56012 /* NotificationPage.swift in Sources */,
				510B172828075DB7009E3989 /* SinglePostView.swift in Sources */,
				51772A0E2802255900E56012 /* InspireApp.swift in Sources */,
			);
			runOnlyForDeploymentPostprocessing = 0;
		};
/* End PBXSourcesBuildPhase section */

/* Begin XCBuildConfiguration section */
		51772A162802255D00E56012 /* Debug */ = {
			isa = XCBuildConfiguration;
			buildSettings = {
				ALWAYS_SEARCH_USER_PATHS = NO;
				CLANG_ANALYZER_NONNULL = YES;
				CLANG_ANALYZER_NUMBER_OBJECT_CONVERSION = YES_AGGRESSIVE;
				CLANG_CXX_LANGUAGE_STANDARD = "gnu++17";
				CLANG_ENABLE_MODULES = YES;
				CLANG_ENABLE_OBJC_ARC = YES;
				CLANG_ENABLE_OBJC_WEAK = YES;
				CLANG_WARN_BLOCK_CAPTURE_AUTORELEASING = YES;
				CLANG_WARN_BOOL_CONVERSION = YES;
				CLANG_WARN_COMMA = YES;
				CLANG_WARN_CONSTANT_CONVERSION = YES;
				CLANG_WARN_DEPRECATED_OBJC_IMPLEMENTATIONS = YES;
				CLANG_WARN_DIRECT_OBJC_ISA_USAGE = YES_ERROR;
				CLANG_WARN_DOCUMENTATION_COMMENTS = YES;
				CLANG_WARN_EMPTY_BODY = YES;
				CLANG_WARN_ENUM_CONVERSION = YES;
				CLANG_WARN_INFINITE_RECURSION = YES;
				CLANG_WARN_INT_CONVERSION = YES;
				CLANG_WARN_NON_LITERAL_NULL_CONVERSION = YES;
				CLANG_WARN_OBJC_IMPLICIT_RETAIN_SELF = YES;
				CLANG_WARN_OBJC_LITERAL_CONVERSION = YES;
				CLANG_WARN_OBJC_ROOT_CLASS = YES_ERROR;
				CLANG_WARN_QUOTED_INCLUDE_IN_FRAMEWORK_HEADER = YES;
				CLANG_WARN_RANGE_LOOP_ANALYSIS = YES;
				CLANG_WARN_STRICT_PROTOTYPES = YES;
				CLANG_WARN_SUSPICIOUS_MOVE = YES;
				CLANG_WARN_UNGUARDED_AVAILABILITY = YES_AGGRESSIVE;
				CLANG_WARN_UNREACHABLE_CODE = YES;
				CLANG_WARN__DUPLICATE_METHOD_MATCH = YES;
				COPY_PHASE_STRIP = NO;
				DEBUG_INFORMATION_FORMAT = dwarf;
				ENABLE_STRICT_OBJC_MSGSEND = YES;
				ENABLE_TESTABILITY = YES;
				GCC_C_LANGUAGE_STANDARD = gnu11;
				GCC_DYNAMIC_NO_PIC = NO;
				GCC_NO_COMMON_BLOCKS = YES;
				GCC_OPTIMIZATION_LEVEL = 0;
				GCC_PREPROCESSOR_DEFINITIONS = (
					"DEBUG=1",
					"$(inherited)",
				);
				GCC_WARN_64_TO_32_BIT_CONVERSION = YES;
				GCC_WARN_ABOUT_RETURN_TYPE = YES_ERROR;
				GCC_WARN_UNDECLARED_SELECTOR = YES;
				GCC_WARN_UNINITIALIZED_AUTOS = YES_AGGRESSIVE;
				GCC_WARN_UNUSED_FUNCTION = YES;
				GCC_WARN_UNUSED_VARIABLE = YES;
				IPHONEOS_DEPLOYMENT_TARGET = 15.4;
				MTL_ENABLE_DEBUG_INFO = INCLUDE_SOURCE;
				MTL_FAST_MATH = YES;
				ONLY_ACTIVE_ARCH = YES;
				SDKROOT = iphoneos;
				SWIFT_ACTIVE_COMPILATION_CONDITIONS = DEBUG;
				SWIFT_OPTIMIZATION_LEVEL = "-Onone";
			};
			name = Debug;
		};
		51772A172802255D00E56012 /* Release */ = {
			isa = XCBuildConfiguration;
			buildSettings = {
				ALWAYS_SEARCH_USER_PATHS = NO;
				CLANG_ANALYZER_NONNULL = YES;
				CLANG_ANALYZER_NUMBER_OBJECT_CONVERSION = YES_AGGRESSIVE;
				CLANG_CXX_LANGUAGE_STANDARD = "gnu++17";
				CLANG_ENABLE_MODULES = YES;
				CLANG_ENABLE_OBJC_ARC = YES;
				CLANG_ENABLE_OBJC_WEAK = YES;
				CLANG_WARN_BLOCK_CAPTURE_AUTORELEASING = YES;
				CLANG_WARN_BOOL_CONVERSION = YES;
				CLANG_WARN_COMMA = YES;
				CLANG_WARN_CONSTANT_CONVERSION = YES;
				CLANG_WARN_DEPRECATED_OBJC_IMPLEMENTATIONS = YES;
				CLANG_WARN_DIRECT_OBJC_ISA_USAGE = YES_ERROR;
				CLANG_WARN_DOCUMENTATION_COMMENTS = YES;
				CLANG_WARN_EMPTY_BODY = YES;
				CLANG_WARN_ENUM_CONVERSION = YES;
				CLANG_WARN_INFINITE_RECURSION = YES;
				CLANG_WARN_INT_CONVERSION = YES;
				CLANG_WARN_NON_LITERAL_NULL_CONVERSION = YES;
				CLANG_WARN_OBJC_IMPLICIT_RETAIN_SELF = YES;
				CLANG_WARN_OBJC_LITERAL_CONVERSION = YES;
				CLANG_WARN_OBJC_ROOT_CLASS = YES_ERROR;
				CLANG_WARN_QUOTED_INCLUDE_IN_FRAMEWORK_HEADER = YES;
				CLANG_WARN_RANGE_LOOP_ANALYSIS = YES;
				CLANG_WARN_STRICT_PROTOTYPES = YES;
				CLANG_WARN_SUSPICIOUS_MOVE = YES;
				CLANG_WARN_UNGUARDED_AVAILABILITY = YES_AGGRESSIVE;
				CLANG_WARN_UNREACHABLE_CODE = YES;
				CLANG_WARN__DUPLICATE_METHOD_MATCH = YES;
				COPY_PHASE_STRIP = NO;
				DEBUG_INFORMATION_FORMAT = "dwarf-with-dsym";
				ENABLE_NS_ASSERTIONS = NO;
				ENABLE_STRICT_OBJC_MSGSEND = YES;
				GCC_C_LANGUAGE_STANDARD = gnu11;
				GCC_NO_COMMON_BLOCKS = YES;
				GCC_WARN_64_TO_32_BIT_CONVERSION = YES;
				GCC_WARN_ABOUT_RETURN_TYPE = YES_ERROR;
				GCC_WARN_UNDECLARED_SELECTOR = YES;
				GCC_WARN_UNINITIALIZED_AUTOS = YES_AGGRESSIVE;
				GCC_WARN_UNUSED_FUNCTION = YES;
				GCC_WARN_UNUSED_VARIABLE = YES;
				IPHONEOS_DEPLOYMENT_TARGET = 15.4;
				MTL_ENABLE_DEBUG_INFO = NO;
				MTL_FAST_MATH = YES;
				SDKROOT = iphoneos;
				SWIFT_COMPILATION_MODE = wholemodule;
				SWIFT_OPTIMIZATION_LEVEL = "-O";
				VALIDATE_PRODUCT = YES;
			};
			name = Release;
		};
		51772A192802255D00E56012 /* Debug */ = {
			isa = XCBuildConfiguration;
			buildSettings = {
				ASSETCATALOG_COMPILER_APPICON_NAME = AppIcon;
				ASSETCATALOG_COMPILER_GLOBAL_ACCENT_COLOR_NAME = AccentColor;
				CODE_SIGN_STYLE = Automatic;
				CURRENT_PROJECT_VERSION = 1;
				DEVELOPMENT_ASSET_PATHS = "\"Inspire/Preview Content\"";
				DEVELOPMENT_TEAM = 8FNYAR5ABD;
				ENABLE_PREVIEWS = YES;
				GENERATE_INFOPLIST_FILE = YES;
				INFOPLIST_KEY_UIApplicationSceneManifest_Generation = YES;
				INFOPLIST_KEY_UIApplicationSupportsIndirectInputEvents = YES;
				INFOPLIST_KEY_UILaunchScreen_Generation = YES;
				INFOPLIST_KEY_UISupportedInterfaceOrientations_iPad = "UIInterfaceOrientationPortrait UIInterfaceOrientationPortraitUpsideDown UIInterfaceOrientationLandscapeLeft UIInterfaceOrientationLandscapeRight";
				INFOPLIST_KEY_UISupportedInterfaceOrientations_iPhone = "UIInterfaceOrientationPortrait UIInterfaceOrientationLandscapeLeft UIInterfaceOrientationLandscapeRight";
				LD_RUNPATH_SEARCH_PATHS = (
					"$(inherited)",
					"@executable_path/Frameworks",
				);
				MARKETING_VERSION = 1.0;
				PRODUCT_BUNDLE_IDENTIFIER = indiestudio.me.Inspire;
				PRODUCT_NAME = "$(TARGET_NAME)";
				SWIFT_EMIT_LOC_STRINGS = YES;
				SWIFT_VERSION = 5.0;
				TARGETED_DEVICE_FAMILY = "1,2";
			};
			name = Debug;
		};
		51772A1A2802255D00E56012 /* Release */ = {
			isa = XCBuildConfiguration;
			buildSettings = {
				ASSETCATALOG_COMPILER_APPICON_NAME = AppIcon;
				ASSETCATALOG_COMPILER_GLOBAL_ACCENT_COLOR_NAME = AccentColor;
				CODE_SIGN_STYLE = Automatic;
				CURRENT_PROJECT_VERSION = 1;
				DEVELOPMENT_ASSET_PATHS = "\"Inspire/Preview Content\"";
				DEVELOPMENT_TEAM = 8FNYAR5ABD;
				ENABLE_PREVIEWS = YES;
				GENERATE_INFOPLIST_FILE = YES;
				INFOPLIST_KEY_UIApplicationSceneManifest_Generation = YES;
				INFOPLIST_KEY_UIApplicationSupportsIndirectInputEvents = YES;
				INFOPLIST_KEY_UILaunchScreen_Generation = YES;
				INFOPLIST_KEY_UISupportedInterfaceOrientations_iPad = "UIInterfaceOrientationPortrait UIInterfaceOrientationPortraitUpsideDown UIInterfaceOrientationLandscapeLeft UIInterfaceOrientationLandscapeRight";
				INFOPLIST_KEY_UISupportedInterfaceOrientations_iPhone = "UIInterfaceOrientationPortrait UIInterfaceOrientationLandscapeLeft UIInterfaceOrientationLandscapeRight";
				LD_RUNPATH_SEARCH_PATHS = (
					"$(inherited)",
					"@executable_path/Frameworks",
				);
				MARKETING_VERSION = 1.0;
				PRODUCT_BUNDLE_IDENTIFIER = indiestudio.me.Inspire;
				PRODUCT_NAME = "$(TARGET_NAME)";
				SWIFT_EMIT_LOC_STRINGS = YES;
				SWIFT_VERSION = 5.0;
				TARGETED_DEVICE_FAMILY = "1,2";
			};
			name = Release;
		};
/* End XCBuildConfiguration section */

/* Begin XCConfigurationList section */
		51772A052802255900E56012 /* Build configuration list for PBXProject "Inspire" */ = {
			isa = XCConfigurationList;
			buildConfigurations = (
				51772A162802255D00E56012 /* Debug */,
				51772A172802255D00E56012 /* Release */,
			);
			defaultConfigurationIsVisible = 0;
			defaultConfigurationName = Release;
		};
		51772A182802255D00E56012 /* Build configuration list for PBXNativeTarget "Inspire" */ = {
			isa = XCConfigurationList;
			buildConfigurations = (
				51772A192802255D00E56012 /* Debug */,
				51772A1A2802255D00E56012 /* Release */,
			);
			defaultConfigurationIsVisible = 0;
			defaultConfigurationName = Release;
		};
/* End XCConfigurationList section */

/* Begin XCRemoteSwiftPackageReference section */
		5128B04928077DF000458F90 /* XCRemoteSwiftPackageReference "firebase-ios-sdk" */ = {
			isa = XCRemoteSwiftPackageReference;
			repositoryURL = "https://github.com/firebase/firebase-ios-sdk";
			requirement = {
				kind = upToNextMajorVersion;
				minimumVersion = 8.0.0;
			};
		};
		5128B05628078A4C00458F90 /* XCRemoteSwiftPackageReference "realm-swift" */ = {
			isa = XCRemoteSwiftPackageReference;
			repositoryURL = "https://github.com/realm/realm-swift.git";
			requirement = {
				branch = master;
				kind = branch;
			};
		};
/* End XCRemoteSwiftPackageReference section */

/* Begin XCSwiftPackageProductDependency section */
		5128B04A28077DF000458F90 /* FirebaseAnalytics */ = {
			isa = XCSwiftPackageProductDependency;
			package = 5128B04928077DF000458F90 /* XCRemoteSwiftPackageReference "firebase-ios-sdk" */;
			productName = FirebaseAnalytics;
		};
		5128B04C28077DF000458F90 /* FirebaseAuth */ = {
			isa = XCSwiftPackageProductDependency;
			package = 5128B04928077DF000458F90 /* XCRemoteSwiftPackageReference "firebase-ios-sdk" */;
			productName = FirebaseAuth;
		};
		5128B04E28077DF000458F90 /* FirebaseDatabase */ = {
			isa = XCSwiftPackageProductDependency;
			package = 5128B04928077DF000458F90 /* XCRemoteSwiftPackageReference "firebase-ios-sdk" */;
			productName = FirebaseDatabase;
		};
		5128B05028077DF000458F90 /* FirebaseStorage */ = {
			isa = XCSwiftPackageProductDependency;
			package = 5128B04928077DF000458F90 /* XCRemoteSwiftPackageReference "firebase-ios-sdk" */;
			productName = FirebaseStorage;
		};
		5128B05728078A4C00458F90 /* Realm */ = {
			isa = XCSwiftPackageProductDependency;
			package = 5128B05628078A4C00458F90 /* XCRemoteSwiftPackageReference "realm-swift" */;
			productName = Realm;
		};
		5128B05928078A4C00458F90 /* RealmSwift */ = {
			isa = XCSwiftPackageProductDependency;
			package = 5128B05628078A4C00458F90 /* XCRemoteSwiftPackageReference "realm-swift" */;
			productName = RealmSwift;
		};
/* End XCSwiftPackageProductDependency section */
	};
	rootObject = 51772A022802255900E56012 /* Project object */;
}
